
Microsoft Visual Studio Solution File, Format Version 12.00
# Visual Studio Version 17
VisualStudioVersion = 17.14.36202.13
MinimumVisualStudioVersion = 10.0.40219.1
Project("{2150E333-8FDC-42A3-9474-1A3956D46DE8}") = "Solution Items", "Solution Items", "{8EC462FD-D22E-90A8-E5CE-7E832BA40C5D}"
	ProjectSection(SolutionItems) = preProject
		.editorconfig = .editorconfig
		Directory.Build.props = Directory.Build.props
		README.md = README.md
	EndProjectSection
EndProject
Project("{2150E333-8FDC-42A3-9474-1A3956D46DE8}") = "examples", "examples", "{02EA681E-C7D8-13C7-8484-4AC65E1B71E8}"
EndProject
Project("{FAE04EC0-301F-11D3-BF4B-00C04F79EFBC}") = "LibStored.Net.Example.AppHost", "examples\LibStored.Net.Example.AppHost\LibStored.Net.Example.AppHost.csproj", "{EB39C21B-7C92-4789-A98B-E082AA3B6377}"
EndProject
Project("{FAE04EC0-301F-11D3-BF4B-00C04F79EFBC}") = "LibStored.Net.Example.ServiceDefaults", "examples\LibStored.Net.Example.ServiceDefaults\LibStored.Net.Example.ServiceDefaults.csproj", "{5131A879-DC98-653E-0165-3EE9905E47EB}"
EndProject
Project("{FAE04EC0-301F-11D3-BF4B-00C04F79EFBC}") = "LibStored.Net.Example.Console", "examples\LibStored.Net.Example.Console\LibStored.Net.Example.Console.csproj", "{7F1F6007-38F9-4AA1-A4D3-A6024D05CEEB}"
EndProject
Project("{2150E333-8FDC-42A3-9474-1A3956D46DE8}") = "src", "src", "{F3C175CF-2AB6-4493-8D7D-81F0979D54AF}"
EndProject
Project("{2150E333-8FDC-42A3-9474-1A3956D46DE8}") = "test", "test", "{D2F48995-E5F9-403E-ACAE-FF5E449A3C73}"
EndProject
Project("{FAE04EC0-301F-11D3-BF4B-00C04F79EFBC}") = "LibStored.Net.Tests", "test\LibStored.Net.Tests\LibStored.Net.Tests.csproj", "{0BE16E9F-786B-014C-39C6-177FFA0D5CD7}"
EndProject
Project("{FAE04EC0-301F-11D3-BF4B-00C04F79EFBC}") = "LibStored.Net", "src\LibStored.Net\LibStored.Net.csproj", "{442A5636-78FA-0A9F-9A31-DA88FE5C7DBF}"
EndProject
Project("{FAE04EC0-301F-11D3-BF4B-00C04F79EFBC}") = "LibStored.Net.Example", "examples\LibStored.Net.Example\LibStored.Net.Example.csproj", "{5817C51F-1E6A-01FF-D91D-0653A133215D}"
EndProject
Project("{FAE04EC0-301F-11D3-BF4B-00C04F79EFBC}") = "LibStored.Net.DebugClient", "examples\LibStored.Net.DebugClient\LibStored.Net.DebugClient.csproj", "{1451235F-A1E2-46F8-9569-D05F410D6710}"
EndProject
Project("{FAE04EC0-301F-11D3-BF4B-00C04F79EFBC}") = "LibStored.Net.Generator", "src\LibStored.Net.Generator\LibStored.Net.Generator.csproj", "{E2A68B89-C05B-4541-BE1B-60168D8F22DA}"
EndProject
Project("{FAE04EC0-301F-11D3-BF4B-00C04F79EFBC}") = "LibStored.Net.Generator.Tests", "test\LibStored.Net.Generator.Tests\LibStored.Net.Generator.Tests.csproj", "{D3450810-34F7-20F3-7C17-C8E7F975C695}"
EndProject
Global
	GlobalSection(SolutionConfigurationPlatforms) = preSolution
		Debug|Any CPU = Debug|Any CPU
		Release|Any CPU = Release|Any CPU
	EndGlobalSection
	GlobalSection(ProjectConfigurationPlatforms) = postSolution
		{EB39C21B-7C92-4789-A98B-E082AA3B6377}.Debug|Any CPU.ActiveCfg = Debug|Any CPU
		{EB39C21B-7C92-4789-A98B-E082AA3B6377}.Debug|Any CPU.Build.0 = Debug|Any CPU
		{EB39C21B-7C92-4789-A98B-E082AA3B6377}.Release|Any CPU.ActiveCfg = Release|Any CPU
		{EB39C21B-7C92-4789-A98B-E082AA3B6377}.Release|Any CPU.Build.0 = Release|Any CPU
		{5131A879-DC98-653E-0165-3EE9905E47EB}.Debug|Any CPU.ActiveCfg = Debug|Any CPU
		{5131A879-DC98-653E-0165-3EE9905E47EB}.Debug|Any CPU.Build.0 = Debug|Any CPU
		{5131A879-DC98-653E-0165-3EE9905E47EB}.Release|Any CPU.ActiveCfg = Release|Any CPU
		{5131A879-DC98-653E-0165-3EE9905E47EB}.Release|Any CPU.Build.0 = Release|Any CPU
		{7F1F6007-38F9-4AA1-A4D3-A6024D05CEEB}.Debug|Any CPU.ActiveCfg = Debug|Any CPU
		{7F1F6007-38F9-4AA1-A4D3-A6024D05CEEB}.Debug|Any CPU.Build.0 = Debug|Any CPU
		{7F1F6007-38F9-4AA1-A4D3-A6024D05CEEB}.Release|Any CPU.ActiveCfg = Release|Any CPU
		{7F1F6007-38F9-4AA1-A4D3-A6024D05CEEB}.Release|Any CPU.Build.0 = Release|Any CPU
		{0BE16E9F-786B-014C-39C6-177FFA0D5CD7}.Debug|Any CPU.ActiveCfg = Debug|Any CPU
		{0BE16E9F-786B-014C-39C6-177FFA0D5CD7}.Debug|Any CPU.Build.0 = Debug|Any CPU
		{0BE16E9F-786B-014C-39C6-177FFA0D5CD7}.Release|Any CPU.ActiveCfg = Release|Any CPU
		{0BE16E9F-786B-014C-39C6-177FFA0D5CD7}.Release|Any CPU.Build.0 = Release|Any CPU
		{442A5636-78FA-0A9F-9A31-DA88FE5C7DBF}.Debug|Any CPU.ActiveCfg = Debug|Any CPU
		{442A5636-78FA-0A9F-9A31-DA88FE5C7DBF}.Debug|Any CPU.Build.0 = Debug|Any CPU
		{442A5636-78FA-0A9F-9A31-DA88FE5C7DBF}.Release|Any CPU.ActiveCfg = Release|Any CPU
		{442A5636-78FA-0A9F-9A31-DA88FE5C7DBF}.Release|Any CPU.Build.0 = Release|Any CPU
		{5817C51F-1E6A-01FF-D91D-0653A133215D}.Debug|Any CPU.ActiveCfg = Debug|Any CPU
		{5817C51F-1E6A-01FF-D91D-0653A133215D}.Debug|Any CPU.Build.0 = Debug|Any CPU
		{5817C51F-1E6A-01FF-D91D-0653A133215D}.Release|Any CPU.ActiveCfg = Release|Any CPU
		{5817C51F-1E6A-01FF-D91D-0653A133215D}.Release|Any CPU.Build.0 = Release|Any CPU
		{1451235F-A1E2-46F8-9569-D05F410D6710}.Debug|Any CPU.ActiveCfg = Debug|Any CPU
		{1451235F-A1E2-46F8-9569-D05F410D6710}.Debug|Any CPU.Build.0 = Debug|Any CPU
		{1451235F-A1E2-46F8-9569-D05F410D6710}.Release|Any CPU.ActiveCfg = Release|Any CPU
		{1451235F-A1E2-46F8-9569-D05F410D6710}.Release|Any CPU.Build.0 = Release|Any CPU
		{E2A68B89-C05B-4541-BE1B-60168D8F22DA}.Debug|Any CPU.ActiveCfg = Debug|Any CPU
		{E2A68B89-C05B-4541-BE1B-60168D8F22DA}.Debug|Any CPU.Build.0 = Debug|Any CPU
		{E2A68B89-C05B-4541-BE1B-60168D8F22DA}.Release|Any CPU.ActiveCfg = Release|Any CPU
		{E2A68B89-C05B-4541-BE1B-60168D8F22DA}.Release|Any CPU.Build.0 = Release|Any CPU
		{D3450810-34F7-20F3-7C17-C8E7F975C695}.Debug|Any CPU.ActiveCfg = Debug|Any CPU
		{D3450810-34F7-20F3-7C17-C8E7F975C695}.Debug|Any CPU.Build.0 = Debug|Any CPU
		{D3450810-34F7-20F3-7C17-C8E7F975C695}.Release|Any CPU.ActiveCfg = Release|Any CPU
		{D3450810-34F7-20F3-7C17-C8E7F975C695}.Release|Any CPU.Build.0 = Release|Any CPU
	EndGlobalSection
	GlobalSection(SolutionProperties) = preSolution
		HideSolutionNode = FALSE
	EndGlobalSection
	GlobalSection(NestedProjects) = preSolution
		{EB39C21B-7C92-4789-A98B-E082AA3B6377} = {02EA681E-C7D8-13C7-8484-4AC65E1B71E8}
		{5131A879-DC98-653E-0165-3EE9905E47EB} = {02EA681E-C7D8-13C7-8484-4AC65E1B71E8}
		{7F1F6007-38F9-4AA1-A4D3-A6024D05CEEB} = {02EA681E-C7D8-13C7-8484-4AC65E1B71E8}
		{0BE16E9F-786B-014C-39C6-177FFA0D5CD7} = {D2F48995-E5F9-403E-ACAE-FF5E449A3C73}
		{442A5636-78FA-0A9F-9A31-DA88FE5C7DBF} = {F3C175CF-2AB6-4493-8D7D-81F0979D54AF}
		{5817C51F-1E6A-01FF-D91D-0653A133215D} = {02EA681E-C7D8-13C7-8484-4AC65E1B71E8}
		{1451235F-A1E2-46F8-9569-D05F410D6710} = {02EA681E-C7D8-13C7-8484-4AC65E1B71E8}
		{E2A68B89-C05B-4541-BE1B-60168D8F22DA} = {F3C175CF-2AB6-4493-8D7D-81F0979D54AF}
		{D3450810-34F7-20F3-7C17-C8E7F975C695} = {D2F48995-E5F9-403E-ACAE-FF5E449A3C73}
	EndGlobalSection
	GlobalSection(ExtensibilityGlobals) = postSolution
		SolutionGuid = {F03561E8-8AEE-48D6-ADFA-9E1F6FBB1F2A}
	EndGlobalSection
EndGlobal
