
Microsoft Visual Studio Solution File, Format Version 12.00
# Visual Studio Version 18
VisualStudioVersion = 18.0.11018.127
MinimumVisualStudioVersion = 17.8.0.0
Project("{FAE04EC0-301F-11D3-BF4B-00C04F79EFBC}") = "LibStored.Net.Arq.Console", "LibStored.Net.Arq.Console\LibStored.Net.Arq.Console.csproj", "{AA0FEE40-D155-D8F8-3331-A4CCAC7EF24F}"
EndProject
Project("{FAE04EC0-301F-11D3-BF4B-00C04F79EFBC}") = "Arq.ServiceDefaults", "LibStored.Net.Arq.ServiceDefaults\Arq.ServiceDefaults.csproj", "{E8AC6946-18EE-8725-0741-58CF3418B2E9}"
EndProject
Project("{FAE04EC0-301F-11D3-BF4B-00C04F79EFBC}") = "Arq.AppHost", "LibStored.Net.Arq.AppHost\Arq.AppHost.csproj", "{683D2AA2-2C44-3B02-B76F-913448A558C6}"
EndProject
Global
	GlobalSection(SolutionConfigurationPlatforms) = preSolution
		Debug|Any CPU = Debug|Any CPU
		Release|Any CPU = Release|Any CPU
	EndGlobalSection
	GlobalSection(ProjectConfigurationPlatforms) = postSolution
		{AA0FEE40-D155-D8F8-3331-A4CCAC7EF24F}.Debug|Any CPU.ActiveCfg = Debug|Any CPU
		{AA0FEE40-D155-D8F8-3331-A4CCAC7EF24F}.Debug|Any CPU.Build.0 = Debug|Any CPU
		{AA0FEE40-D155-D8F8-3331-A4CCAC7EF24F}.Release|Any CPU.ActiveCfg = Release|Any CPU
		{AA0FEE40-D155-D8F8-3331-A4CCAC7EF24F}.Release|Any CPU.Build.0 = Release|Any CPU
		{E8AC6946-18EE-8725-0741-58CF3418B2E9}.Debug|Any CPU.ActiveCfg = Debug|Any CPU
		{E8AC6946-18EE-8725-0741-58CF3418B2E9}.Debug|Any CPU.Build.0 = Debug|Any CPU
		{E8AC6946-18EE-8725-0741-58CF3418B2E9}.Release|Any CPU.ActiveCfg = Release|Any CPU
		{E8AC6946-18EE-8725-0741-58CF3418B2E9}.Release|Any CPU.Build.0 = Release|Any CPU
		{683D2AA2-2C44-3B02-B76F-913448A558C6}.Debug|Any CPU.ActiveCfg = Debug|Any CPU
		{683D2AA2-2C44-3B02-B76F-913448A558C6}.Debug|Any CPU.Build.0 = Debug|Any CPU
		{683D2AA2-2C44-3B02-B76F-913448A558C6}.Release|Any CPU.ActiveCfg = Release|Any CPU
		{683D2AA2-2C44-3B02-B76F-913448A558C6}.Release|Any CPU.Build.0 = Release|Any CPU
	EndGlobalSection
	GlobalSection(SolutionProperties) = preSolution
		HideSolutionNode = FALSE
	EndGlobalSection
	GlobalSection(ExtensibilityGlobals) = postSolution
		SolutionGuid = {28B1FBC1-0553-42A1-9AF7-8C51A51432A3}
	EndGlobalSection
EndGlobal
